// !$*UTF8*$!
{
	archiveVersion = 1;
	classes = {
	};
	objectVersion = 55;
	objects = {

/* Begin PBXBuildFile section */
		49225C5E273CDB4F0021AD79 /* ResultDetailViewController.swift in Sources */ = {isa = PBXBuildFile; fileRef = 49225C5D273CDB4F0021AD79 /* ResultDetailViewController.swift */; };
		49225C60273CDB680021AD79 /* ResultDetailSmallerInfoView.swift in Sources */ = {isa = PBXBuildFile; fileRef = 49225C5F273CDB680021AD79 /* ResultDetailSmallerInfoView.swift */; };
		493178B42743992400B5FB88 /* DetailCell.swift in Sources */ = {isa = PBXBuildFile; fileRef = 493178B32743992400B5FB88 /* DetailCell.swift */; };
		493178B627439D0000B5FB88 /* ResultDetailModel.swift in Sources */ = {isa = PBXBuildFile; fileRef = 493178B527439D0000B5FB88 /* ResultDetailModel.swift */; };
		494803822743748D002854B1 /* ResultDetailViewModel.swift in Sources */ = {isa = PBXBuildFile; fileRef = 494803812743748D002854B1 /* ResultDetailViewModel.swift */; };
		4948038427437499002854B1 /* ResultDetailUseCase.swift in Sources */ = {isa = PBXBuildFile; fileRef = 4948038327437499002854B1 /* ResultDetailUseCase.swift */; };
		4955B8EB2742A65D00D90F94 /* MountainDetailAnnotationView.swift in Sources */ = {isa = PBXBuildFile; fileRef = 4955B8EA2742A65D00D90F94 /* MountainDetailAnnotationView.swift */; };
		49742D562740E1A0008F7DC2 /* ResultDetailLargerInfoView.swift in Sources */ = {isa = PBXBuildFile; fileRef = 49742D552740E1A0008F7DC2 /* ResultDetailLargerInfoView.swift */; };
		49A3E61D2732756C0020CAC1 /* MountainAnnotation.swift in Sources */ = {isa = PBXBuildFile; fileRef = 49A3E61C2732756C0020CAC1 /* MountainAnnotation.swift */; };
		49D5A9492738C31600937821 /* MountainDetailViewCoordinator.swift in Sources */ = {isa = PBXBuildFile; fileRef = 49D5A9482738C31600937821 /* MountainDetailViewCoordinator.swift */; };
		49D5A94B2738C3AB00937821 /* MountainDetailViewController.swift in Sources */ = {isa = PBXBuildFile; fileRef = 49D5A94A2738C3AB00937821 /* MountainDetailViewController.swift */; };
		49D5A94D2738C71700937821 /* MountainDetailViewModel.swift in Sources */ = {isa = PBXBuildFile; fileRef = 49D5A94C2738C71700937821 /* MountainDetailViewModel.swift */; };
		49D5A94F2738C72E00937821 /* MountainDetailUseCase.swift in Sources */ = {isa = PBXBuildFile; fileRef = 49D5A94E2738C72E00937821 /* MountainDetailUseCase.swift */; };
		49D5A9532738FBCD00937821 /* MountainDetailModel.swift in Sources */ = {isa = PBXBuildFile; fileRef = 49D5A9522738FBCD00937821 /* MountainDetailModel.swift */; };
		49D5A955273A5A5C00937821 /* MountainDetailTitleView.swift in Sources */ = {isa = PBXBuildFile; fileRef = 49D5A954273A5A5C00937821 /* MountainDetailTitleView.swift */; };
		49D5A957273A62F800937821 /* MountainDetailTableViewCell.swift in Sources */ = {isa = PBXBuildFile; fileRef = 49D5A956273A62F800937821 /* MountainDetailTableViewCell.swift */; };
		49FC97682744E105008CE73A /* ResultDetailCoordinator.swift in Sources */ = {isa = PBXBuildFile; fileRef = 49FC97672744E105008CE73A /* ResultDetailCoordinator.swift */; };
		49FEEDB7273255DD00D37CCA /* MountainExtractor.swift in Sources */ = {isa = PBXBuildFile; fileRef = 49FEEDB6273255DD00D37CCA /* MountainExtractor.swift */; };
		49FEEDB92732584000D37CCA /* MountainEntity.swift in Sources */ = {isa = PBXBuildFile; fileRef = 49FEEDB82732584000D37CCA /* MountainEntity.swift */; };
		5428FDB4272F894D002F9D40 /* MapViewRepository.swift in Sources */ = {isa = PBXBuildFile; fileRef = 5428FDB3272F894D002F9D40 /* MapViewRepository.swift */; };
		5428FDBD272F8C5B002F9D40 /* MapViewUseCase.swift in Sources */ = {isa = PBXBuildFile; fileRef = 5428FDBC272F8C5B002F9D40 /* MapViewUseCase.swift */; };
		54296945272FBC6E0070B362 /* AppCoordinator.swift in Sources */ = {isa = PBXBuildFile; fileRef = 54296944272FBC6E0070B362 /* AppCoordinator.swift */; };
		54296947272FBD4B0070B362 /* MapViewCoordinator.swift in Sources */ = {isa = PBXBuildFile; fileRef = 54296946272FBD4B0070B362 /* MapViewCoordinator.swift */; };
		54296949272FBFAB0070B362 /* RecordingViewController.swift in Sources */ = {isa = PBXBuildFile; fileRef = 54296948272FBFAB0070B362 /* RecordingViewController.swift */; };
		5429694B272FBFCA0070B362 /* RecordingViewCoordinator.swift in Sources */ = {isa = PBXBuildFile; fileRef = 5429694A272FBFCA0070B362 /* RecordingViewCoordinator.swift */; };
		5429694D272FC1390070B362 /* ResultViewController.swift in Sources */ = {isa = PBXBuildFile; fileRef = 5429694C272FC1390070B362 /* ResultViewController.swift */; };
		5429694F272FC1740070B362 /* ResultViewCoordinator.swift in Sources */ = {isa = PBXBuildFile; fileRef = 5429694E272FC1740070B362 /* ResultViewCoordinator.swift */; };
		54296951272FC3290070B362 /* MountainListViewController.swift in Sources */ = {isa = PBXBuildFile; fileRef = 54296950272FC3290070B362 /* MountainListViewController.swift */; };
		54296953272FC3530070B362 /* MountainListViewCoordinator.swift in Sources */ = {isa = PBXBuildFile; fileRef = 54296952272FC3530070B362 /* MountainListViewCoordinator.swift */; };
		54296955272FC3EC0070B362 /* SettingsViewController.swift in Sources */ = {isa = PBXBuildFile; fileRef = 54296954272FC3EC0070B362 /* SettingsViewController.swift */; };
		54296957272FC4380070B362 /* SettingsViewCoordinator.swift in Sources */ = {isa = PBXBuildFile; fileRef = 54296956272FC4380070B362 /* SettingsViewCoordinator.swift */; };
		5429695B273026B10070B362 /* MountainAnnotationView.swift in Sources */ = {isa = PBXBuildFile; fileRef = 5429695A273026B10070B362 /* MountainAnnotationView.swift */; };
		5429695D27302B1D0070B362 /* ClusterAnnotationView.swift in Sources */ = {isa = PBXBuildFile; fileRef = 5429695C27302B1D0070B362 /* ClusterAnnotationView.swift */; };
		5465237D2741F997007B2692 /* ResultViewModel.swift in Sources */ = {isa = PBXBuildFile; fileRef = 5465237C2741F997007B2692 /* ResultViewModel.swift */; };
		54731B65272F84D300534097 /* MapViewModel.swift in Sources */ = {isa = PBXBuildFile; fileRef = 54731B64272F84D300534097 /* MapViewModel.swift */; };
		547CDD9A27392474007CCA29 /* walkingManAnimation.gif in Resources */ = {isa = PBXBuildFile; fileRef = 547CDD9927392474007CCA29 /* walkingManAnimation.gif */; };
		547CDD9C27392496007CCA29 /* UIImage+Gif.swift in Sources */ = {isa = PBXBuildFile; fileRef = 547CDD9B27392496007CCA29 /* UIImage+Gif.swift */; };
		54851282272A6AD500407F28 /* AppDelegate.swift in Sources */ = {isa = PBXBuildFile; fileRef = 54851281272A6AD500407F28 /* AppDelegate.swift */; };
		54851284272A6AD500407F28 /* SceneDelegate.swift in Sources */ = {isa = PBXBuildFile; fileRef = 54851283272A6AD500407F28 /* SceneDelegate.swift */; };
		54851286272A6AD500407F28 /* MapViewController.swift in Sources */ = {isa = PBXBuildFile; fileRef = 54851285272A6AD500407F28 /* MapViewController.swift */; };
		5485128C272A6AD500407F28 /* SanTa.xcdatamodeld in Sources */ = {isa = PBXBuildFile; fileRef = 5485128A272A6AD500407F28 /* SanTa.xcdatamodeld */; };
		5485128E272A6AD600407F28 /* Assets.xcassets in Resources */ = {isa = PBXBuildFile; fileRef = 5485128D272A6AD600407F28 /* Assets.xcassets */; };
		54851291272A6AD600407F28 /* LaunchScreen.storyboard in Resources */ = {isa = PBXBuildFile; fileRef = 5485128F272A6AD600407F28 /* LaunchScreen.storyboard */; };
		54F88EB727424C210004EAFD /* TotalRecordsViewCell.swift in Sources */ = {isa = PBXBuildFile; fileRef = 54F88EB627424C210004EAFD /* TotalRecordsViewCell.swift */; };
		54F88EB9274256FE0004EAFD /* SectionHeaderView.swift in Sources */ = {isa = PBXBuildFile; fileRef = 54F88EB8274256FE0004EAFD /* SectionHeaderView.swift */; };
		54F88EBB274259950004EAFD /* RecordsViewCell.swift in Sources */ = {isa = PBXBuildFile; fileRef = 54F88EBA274259950004EAFD /* RecordsViewCell.swift */; };
		9800821D273CB45D006A847A /* ResultRepository.swift in Sources */ = {isa = PBXBuildFile; fileRef = 9800821C273CB45D006A847A /* ResultRepository.swift */; };
		9800821F273CE16E006A847A /* ResultUseCase.swift in Sources */ = {isa = PBXBuildFile; fileRef = 9800821E273CE16E006A847A /* ResultUseCase.swift */; };
		9826F3DD2739035E0064FA85 /* Option.swift in Sources */ = {isa = PBXBuildFile; fileRef = 9826F3DC2739035E0064FA85 /* Option.swift */; };
		9826F3DF273904010064FA85 /* Settings.swift in Sources */ = {isa = PBXBuildFile; fileRef = 9826F3DE273904010064FA85 /* Settings.swift */; };
		9826F436273954020064FA85 /* SettingsViewModelTests.swift in Sources */ = {isa = PBXBuildFile; fileRef = 9826F425273925BF0064FA85 /* SettingsViewModelTests.swift */; };
		9826F437273954030064FA85 /* SettingsUsecaseTests.swift in Sources */ = {isa = PBXBuildFile; fileRef = 9826F427273926720064FA85 /* SettingsUsecaseTests.swift */; };
		9826F4382739546E0064FA85 /* SettingsViewModel.swift in Sources */ = {isa = PBXBuildFile; fileRef = 98BCF4F82737A7120073E6FB /* SettingsViewModel.swift */; };
		9826F4392739546E0064FA85 /* SettingsUsecase.swift in Sources */ = {isa = PBXBuildFile; fileRef = 98BCF4F62737A66E0073E6FB /* SettingsUsecase.swift */; };
		9826F43A2739546E0064FA85 /* SettingsRepository.swift in Sources */ = {isa = PBXBuildFile; fileRef = 98BCF4F42737A3480073E6FB /* SettingsRepository.swift */; };
		9826F43C2739546E0064FA85 /* Settings.swift in Sources */ = {isa = PBXBuildFile; fileRef = 9826F3DE273904010064FA85 /* Settings.swift */; };
		9826F43D2739546E0064FA85 /* Option.swift in Sources */ = {isa = PBXBuildFile; fileRef = 9826F3DC2739035E0064FA85 /* Option.swift */; };
		984DDEC127325D67003BE56B /* Record.swift in Sources */ = {isa = PBXBuildFile; fileRef = 984DDEC027325D67003BE56B /* Record.swift */; };
		984DDEC327325DFC003BE56B /* RecordingUseCase.swift in Sources */ = {isa = PBXBuildFile; fileRef = 984DDEC227325DFC003BE56B /* RecordingUseCase.swift */; };
		984DDEC527325FB9003BE56B /* RecordRepository.swift in Sources */ = {isa = PBXBuildFile; fileRef = 984DDEC427325FB9003BE56B /* RecordRepository.swift */; };
		984DDEC727327064003BE56B /* CoreDataRecordStorage.swift in Sources */ = {isa = PBXBuildFile; fileRef = 984DDEC627327064003BE56B /* CoreDataRecordStorage.swift */; };
		984DDEC9273271EC003BE56B /* CoreDataStorage.swift in Sources */ = {isa = PBXBuildFile; fileRef = 984DDEC8273271EC003BE56B /* CoreDataStorage.swift */; };
		985EEF63272FDA98002413D9 /* MountainCell.swift in Sources */ = {isa = PBXBuildFile; fileRef = 985EEF62272FDA98002413D9 /* MountainCell.swift */; };
		985EEF65273010BD002413D9 /* ToggleOptionCell.swift in Sources */ = {isa = PBXBuildFile; fileRef = 985EEF64273010BD002413D9 /* ToggleOptionCell.swift */; };
		9889DA512730FFCD00F3C772 /* MapOptionCell.swift in Sources */ = {isa = PBXBuildFile; fileRef = 9889DA502730FFCD00F3C772 /* MapOptionCell.swift */; };
		98A913012736844E008AAE39 /* UserDefaultsStorage.swift in Sources */ = {isa = PBXBuildFile; fileRef = 98A913002736844E008AAE39 /* UserDefaultsStorage.swift */; };
		98AEF1D727310759002E9C9A /* PaddingLabel.swift in Sources */ = {isa = PBXBuildFile; fileRef = 98AEF1D627310759002E9C9A /* PaddingLabel.swift */; };
		98BCF4F52737A3480073E6FB /* SettingsRepository.swift in Sources */ = {isa = PBXBuildFile; fileRef = 98BCF4F42737A3480073E6FB /* SettingsRepository.swift */; };
		98BCF4F72737A66E0073E6FB /* SettingsUsecase.swift in Sources */ = {isa = PBXBuildFile; fileRef = 98BCF4F62737A66E0073E6FB /* SettingsUsecase.swift */; };
		98BCF4F92737A7120073E6FB /* SettingsViewModel.swift in Sources */ = {isa = PBXBuildFile; fileRef = 98BCF4F82737A7120073E6FB /* SettingsViewModel.swift */; };
		DA9D7C9D273A433E0018AD45 /* RecordingTitleViewController.swift in Sources */ = {isa = PBXBuildFile; fileRef = DA9D7C9C273A433E0018AD45 /* RecordingTitleViewController.swift */; };
		DA9D7C9F273A45BE0018AD45 /* RecordingTitleViewCoordinator.swift in Sources */ = {isa = PBXBuildFile; fileRef = DA9D7C9E273A45BE0018AD45 /* RecordingTitleViewCoordinator.swift */; };
		DAAF2716272FF73700F8A115 /* RecordingViewController+Extension.swift in Sources */ = {isa = PBXBuildFile; fileRef = DAAF2715272FF73700F8A115 /* RecordingViewController+Extension.swift */; };
		DAAF4D6C273CE02400780DC8 /* MountainListViewModel.swift in Sources */ = {isa = PBXBuildFile; fileRef = DAAF4D6B273CE02400780DC8 /* MountainListViewModel.swift */; };
		DAAF4D6E273CE06A00780DC8 /* MountainListViewUseCase.swift in Sources */ = {isa = PBXBuildFile; fileRef = DAAF4D6D273CE06A00780DC8 /* MountainListViewUseCase.swift */; };
		DAAF4D70273CE08B00780DC8 /* MountainListViewRepository.swift in Sources */ = {isa = PBXBuildFile; fileRef = DAAF4D6F273CE08B00780DC8 /* MountainListViewRepository.swift */; };
		DAB37D4C2731166B00EC523F /* RecordingViewModel.swift in Sources */ = {isa = PBXBuildFile; fileRef = DAB37D4B2731166B00EC523F /* RecordingViewModel.swift */; };
		DAB37D50273256B900EC523F /* RecordingModel.swift in Sources */ = {isa = PBXBuildFile; fileRef = DAB37D4F273256B900EC523F /* RecordingModel.swift */; };
		DAFA9B59274112D800BF168C /* RecordingPhotoCoordinator.swift in Sources */ = {isa = PBXBuildFile; fileRef = DAFA9B58274112D800BF168C /* RecordingPhotoCoordinator.swift */; };
		DAFA9B5B2741131400BF168C /* RecordingPhotoViewController.swift in Sources */ = {isa = PBXBuildFile; fileRef = DAFA9B5A2741131400BF168C /* RecordingPhotoViewController.swift */; };
		DAFA9B5D27424C9A00BF168C /* RecordingPhotoModel.swift in Sources */ = {isa = PBXBuildFile; fileRef = DAFA9B5C27424C9A00BF168C /* RecordingPhotoModel.swift */; };
/* End PBXBuildFile section */

/* Begin PBXContainerItemProxy section */
		9826F431273953FB0064FA85 /* PBXContainerItemProxy */ = {
			isa = PBXContainerItemProxy;
			containerPortal = 54851276272A6AD500407F28 /* Project object */;
			proxyType = 1;
			remoteGlobalIDString = 5485127D272A6AD500407F28;
			remoteInfo = SanTa;
		};
/* End PBXContainerItemProxy section */

/* Begin PBXFileReference section */
		49225C5D273CDB4F0021AD79 /* ResultDetailViewController.swift */ = {isa = PBXFileReference; lastKnownFileType = sourcecode.swift; path = ResultDetailViewController.swift; sourceTree = "<group>"; };
		49225C5F273CDB680021AD79 /* ResultDetailSmallerInfoView.swift */ = {isa = PBXFileReference; lastKnownFileType = sourcecode.swift; path = ResultDetailSmallerInfoView.swift; sourceTree = "<group>"; };
		493178B32743992400B5FB88 /* DetailCell.swift */ = {isa = PBXFileReference; lastKnownFileType = sourcecode.swift; path = DetailCell.swift; sourceTree = "<group>"; };
		493178B527439D0000B5FB88 /* ResultDetailModel.swift */ = {isa = PBXFileReference; lastKnownFileType = sourcecode.swift; path = ResultDetailModel.swift; sourceTree = "<group>"; };
		494803812743748D002854B1 /* ResultDetailViewModel.swift */ = {isa = PBXFileReference; lastKnownFileType = sourcecode.swift; path = ResultDetailViewModel.swift; sourceTree = "<group>"; };
		4948038327437499002854B1 /* ResultDetailUseCase.swift */ = {isa = PBXFileReference; lastKnownFileType = sourcecode.swift; path = ResultDetailUseCase.swift; sourceTree = "<group>"; };
		4955B8EA2742A65D00D90F94 /* MountainDetailAnnotationView.swift */ = {isa = PBXFileReference; lastKnownFileType = sourcecode.swift; path = MountainDetailAnnotationView.swift; sourceTree = "<group>"; };
		49742D552740E1A0008F7DC2 /* ResultDetailLargerInfoView.swift */ = {isa = PBXFileReference; lastKnownFileType = sourcecode.swift; path = ResultDetailLargerInfoView.swift; sourceTree = "<group>"; };
		49A3E61C2732756C0020CAC1 /* MountainAnnotation.swift */ = {isa = PBXFileReference; lastKnownFileType = sourcecode.swift; path = MountainAnnotation.swift; sourceTree = "<group>"; };
		49D5A9482738C31600937821 /* MountainDetailViewCoordinator.swift */ = {isa = PBXFileReference; lastKnownFileType = sourcecode.swift; path = MountainDetailViewCoordinator.swift; sourceTree = "<group>"; };
		49D5A94A2738C3AB00937821 /* MountainDetailViewController.swift */ = {isa = PBXFileReference; lastKnownFileType = sourcecode.swift; path = MountainDetailViewController.swift; sourceTree = "<group>"; };
		49D5A94C2738C71700937821 /* MountainDetailViewModel.swift */ = {isa = PBXFileReference; lastKnownFileType = sourcecode.swift; path = MountainDetailViewModel.swift; sourceTree = "<group>"; };
		49D5A94E2738C72E00937821 /* MountainDetailUseCase.swift */ = {isa = PBXFileReference; lastKnownFileType = sourcecode.swift; path = MountainDetailUseCase.swift; sourceTree = "<group>"; };
		49D5A9522738FBCD00937821 /* MountainDetailModel.swift */ = {isa = PBXFileReference; lastKnownFileType = sourcecode.swift; path = MountainDetailModel.swift; sourceTree = "<group>"; };
		49D5A954273A5A5C00937821 /* MountainDetailTitleView.swift */ = {isa = PBXFileReference; lastKnownFileType = sourcecode.swift; path = MountainDetailTitleView.swift; sourceTree = "<group>"; };
		49D5A956273A62F800937821 /* MountainDetailTableViewCell.swift */ = {isa = PBXFileReference; lastKnownFileType = sourcecode.swift; path = MountainDetailTableViewCell.swift; sourceTree = "<group>"; };
		49FC97672744E105008CE73A /* ResultDetailCoordinator.swift */ = {isa = PBXFileReference; lastKnownFileType = sourcecode.swift; path = ResultDetailCoordinator.swift; sourceTree = "<group>"; };
		49FEEDB6273255DD00D37CCA /* MountainExtractor.swift */ = {isa = PBXFileReference; lastKnownFileType = sourcecode.swift; path = MountainExtractor.swift; sourceTree = "<group>"; };
		49FEEDB82732584000D37CCA /* MountainEntity.swift */ = {isa = PBXFileReference; lastKnownFileType = sourcecode.swift; path = MountainEntity.swift; sourceTree = "<group>"; };
		5428FDB3272F894D002F9D40 /* MapViewRepository.swift */ = {isa = PBXFileReference; lastKnownFileType = sourcecode.swift; path = MapViewRepository.swift; sourceTree = "<group>"; };
		5428FDBC272F8C5B002F9D40 /* MapViewUseCase.swift */ = {isa = PBXFileReference; lastKnownFileType = sourcecode.swift; path = MapViewUseCase.swift; sourceTree = "<group>"; };
		54296944272FBC6E0070B362 /* AppCoordinator.swift */ = {isa = PBXFileReference; lastKnownFileType = sourcecode.swift; path = AppCoordinator.swift; sourceTree = "<group>"; };
		54296946272FBD4B0070B362 /* MapViewCoordinator.swift */ = {isa = PBXFileReference; lastKnownFileType = sourcecode.swift; path = MapViewCoordinator.swift; sourceTree = "<group>"; };
		54296948272FBFAB0070B362 /* RecordingViewController.swift */ = {isa = PBXFileReference; lastKnownFileType = sourcecode.swift; path = RecordingViewController.swift; sourceTree = "<group>"; };
		5429694A272FBFCA0070B362 /* RecordingViewCoordinator.swift */ = {isa = PBXFileReference; lastKnownFileType = sourcecode.swift; path = RecordingViewCoordinator.swift; sourceTree = "<group>"; };
		5429694C272FC1390070B362 /* ResultViewController.swift */ = {isa = PBXFileReference; lastKnownFileType = sourcecode.swift; path = ResultViewController.swift; sourceTree = "<group>"; };
		5429694E272FC1740070B362 /* ResultViewCoordinator.swift */ = {isa = PBXFileReference; lastKnownFileType = sourcecode.swift; path = ResultViewCoordinator.swift; sourceTree = "<group>"; };
		54296950272FC3290070B362 /* MountainListViewController.swift */ = {isa = PBXFileReference; lastKnownFileType = sourcecode.swift; path = MountainListViewController.swift; sourceTree = "<group>"; };
		54296952272FC3530070B362 /* MountainListViewCoordinator.swift */ = {isa = PBXFileReference; lastKnownFileType = sourcecode.swift; path = MountainListViewCoordinator.swift; sourceTree = "<group>"; };
		54296954272FC3EC0070B362 /* SettingsViewController.swift */ = {isa = PBXFileReference; lastKnownFileType = sourcecode.swift; path = SettingsViewController.swift; sourceTree = "<group>"; };
		54296956272FC4380070B362 /* SettingsViewCoordinator.swift */ = {isa = PBXFileReference; lastKnownFileType = sourcecode.swift; path = SettingsViewCoordinator.swift; sourceTree = "<group>"; };
		5429695A273026B10070B362 /* MountainAnnotationView.swift */ = {isa = PBXFileReference; lastKnownFileType = sourcecode.swift; path = MountainAnnotationView.swift; sourceTree = "<group>"; };
		5429695C27302B1D0070B362 /* ClusterAnnotationView.swift */ = {isa = PBXFileReference; lastKnownFileType = sourcecode.swift; path = ClusterAnnotationView.swift; sourceTree = "<group>"; };
		5465237C2741F997007B2692 /* ResultViewModel.swift */ = {isa = PBXFileReference; lastKnownFileType = sourcecode.swift; path = ResultViewModel.swift; sourceTree = "<group>"; };
		54731B64272F84D300534097 /* MapViewModel.swift */ = {isa = PBXFileReference; lastKnownFileType = sourcecode.swift; path = MapViewModel.swift; sourceTree = "<group>"; };
		547CDD9927392474007CCA29 /* walkingManAnimation.gif */ = {isa = PBXFileReference; lastKnownFileType = image.gif; path = walkingManAnimation.gif; sourceTree = "<group>"; };
		547CDD9B27392496007CCA29 /* UIImage+Gif.swift */ = {isa = PBXFileReference; lastKnownFileType = sourcecode.swift; path = "UIImage+Gif.swift"; sourceTree = "<group>"; };
		5485127E272A6AD500407F28 /* SanTa.app */ = {isa = PBXFileReference; explicitFileType = wrapper.application; includeInIndex = 0; path = SanTa.app; sourceTree = BUILT_PRODUCTS_DIR; };
		54851281272A6AD500407F28 /* AppDelegate.swift */ = {isa = PBXFileReference; lastKnownFileType = sourcecode.swift; path = AppDelegate.swift; sourceTree = "<group>"; };
		54851283272A6AD500407F28 /* SceneDelegate.swift */ = {isa = PBXFileReference; lastKnownFileType = sourcecode.swift; path = SceneDelegate.swift; sourceTree = "<group>"; };
		54851285272A6AD500407F28 /* MapViewController.swift */ = {isa = PBXFileReference; lastKnownFileType = sourcecode.swift; path = MapViewController.swift; sourceTree = "<group>"; };
		5485128B272A6AD500407F28 /* SanTa.xcdatamodel */ = {isa = PBXFileReference; lastKnownFileType = wrapper.xcdatamodel; path = SanTa.xcdatamodel; sourceTree = "<group>"; };
		5485128D272A6AD600407F28 /* Assets.xcassets */ = {isa = PBXFileReference; lastKnownFileType = folder.assetcatalog; path = Assets.xcassets; sourceTree = "<group>"; };
		54851290272A6AD600407F28 /* Base */ = {isa = PBXFileReference; lastKnownFileType = file.storyboard; name = Base; path = Base.lproj/LaunchScreen.storyboard; sourceTree = "<group>"; };
		54851292272A6AD600407F28 /* Info.plist */ = {isa = PBXFileReference; lastKnownFileType = text.plist.xml; path = Info.plist; sourceTree = "<group>"; };
		54F88EB627424C210004EAFD /* TotalRecordsViewCell.swift */ = {isa = PBXFileReference; lastKnownFileType = sourcecode.swift; path = TotalRecordsViewCell.swift; sourceTree = "<group>"; };
		54F88EB8274256FE0004EAFD /* SectionHeaderView.swift */ = {isa = PBXFileReference; lastKnownFileType = sourcecode.swift; path = SectionHeaderView.swift; sourceTree = "<group>"; };
		54F88EBA274259950004EAFD /* RecordsViewCell.swift */ = {isa = PBXFileReference; lastKnownFileType = sourcecode.swift; path = RecordsViewCell.swift; sourceTree = "<group>"; };
		9800821C273CB45D006A847A /* ResultRepository.swift */ = {isa = PBXFileReference; lastKnownFileType = sourcecode.swift; path = ResultRepository.swift; sourceTree = "<group>"; };
		9800821E273CE16E006A847A /* ResultUseCase.swift */ = {isa = PBXFileReference; lastKnownFileType = sourcecode.swift; path = ResultUseCase.swift; sourceTree = "<group>"; };
		9826F3DC2739035E0064FA85 /* Option.swift */ = {isa = PBXFileReference; lastKnownFileType = sourcecode.swift; path = Option.swift; sourceTree = "<group>"; };
		9826F3DE273904010064FA85 /* Settings.swift */ = {isa = PBXFileReference; lastKnownFileType = sourcecode.swift; path = Settings.swift; sourceTree = "<group>"; };
		9826F425273925BF0064FA85 /* SettingsViewModelTests.swift */ = {isa = PBXFileReference; lastKnownFileType = sourcecode.swift; path = SettingsViewModelTests.swift; sourceTree = "<group>"; };
		9826F427273926720064FA85 /* SettingsUsecaseTests.swift */ = {isa = PBXFileReference; lastKnownFileType = sourcecode.swift; path = SettingsUsecaseTests.swift; sourceTree = "<group>"; };
		9826F42D273953FB0064FA85 /* SettingsSceneTests.xctest */ = {isa = PBXFileReference; explicitFileType = wrapper.cfbundle; includeInIndex = 0; path = SettingsSceneTests.xctest; sourceTree = BUILT_PRODUCTS_DIR; };
		984DDEC027325D67003BE56B /* Record.swift */ = {isa = PBXFileReference; lastKnownFileType = sourcecode.swift; path = Record.swift; sourceTree = "<group>"; };
		984DDEC227325DFC003BE56B /* RecordingUseCase.swift */ = {isa = PBXFileReference; lastKnownFileType = sourcecode.swift; path = RecordingUseCase.swift; sourceTree = "<group>"; };
		984DDEC427325FB9003BE56B /* RecordRepository.swift */ = {isa = PBXFileReference; lastKnownFileType = sourcecode.swift; path = RecordRepository.swift; sourceTree = "<group>"; };
		984DDEC627327064003BE56B /* CoreDataRecordStorage.swift */ = {isa = PBXFileReference; lastKnownFileType = sourcecode.swift; path = CoreDataRecordStorage.swift; sourceTree = "<group>"; };
		984DDEC8273271EC003BE56B /* CoreDataStorage.swift */ = {isa = PBXFileReference; lastKnownFileType = sourcecode.swift; name = CoreDataStorage.swift; path = SanTa/Persistences/CoreDataStorage.swift; sourceTree = SOURCE_ROOT; };
		985EEF62272FDA98002413D9 /* MountainCell.swift */ = {isa = PBXFileReference; lastKnownFileType = sourcecode.swift; path = MountainCell.swift; sourceTree = "<group>"; };
		985EEF64273010BD002413D9 /* ToggleOptionCell.swift */ = {isa = PBXFileReference; lastKnownFileType = sourcecode.swift; path = ToggleOptionCell.swift; sourceTree = "<group>"; };
		9889DA502730FFCD00F3C772 /* MapOptionCell.swift */ = {isa = PBXFileReference; lastKnownFileType = sourcecode.swift; path = MapOptionCell.swift; sourceTree = "<group>"; };
		98A913002736844E008AAE39 /* UserDefaultsStorage.swift */ = {isa = PBXFileReference; lastKnownFileType = sourcecode.swift; path = UserDefaultsStorage.swift; sourceTree = "<group>"; };
		98AEF1D627310759002E9C9A /* PaddingLabel.swift */ = {isa = PBXFileReference; lastKnownFileType = sourcecode.swift; path = PaddingLabel.swift; sourceTree = "<group>"; };
		98BCF4F42737A3480073E6FB /* SettingsRepository.swift */ = {isa = PBXFileReference; lastKnownFileType = sourcecode.swift; path = SettingsRepository.swift; sourceTree = "<group>"; };
		98BCF4F62737A66E0073E6FB /* SettingsUsecase.swift */ = {isa = PBXFileReference; lastKnownFileType = sourcecode.swift; path = SettingsUsecase.swift; sourceTree = "<group>"; };
		98BCF4F82737A7120073E6FB /* SettingsViewModel.swift */ = {isa = PBXFileReference; lastKnownFileType = sourcecode.swift; path = SettingsViewModel.swift; sourceTree = "<group>"; };
		DA9D7C9C273A433E0018AD45 /* RecordingTitleViewController.swift */ = {isa = PBXFileReference; lastKnownFileType = sourcecode.swift; path = RecordingTitleViewController.swift; sourceTree = "<group>"; };
		DA9D7C9E273A45BE0018AD45 /* RecordingTitleViewCoordinator.swift */ = {isa = PBXFileReference; lastKnownFileType = sourcecode.swift; path = RecordingTitleViewCoordinator.swift; sourceTree = "<group>"; };
		DAAF2715272FF73700F8A115 /* RecordingViewController+Extension.swift */ = {isa = PBXFileReference; lastKnownFileType = sourcecode.swift; path = "RecordingViewController+Extension.swift"; sourceTree = "<group>"; };
		DAAF4D6B273CE02400780DC8 /* MountainListViewModel.swift */ = {isa = PBXFileReference; lastKnownFileType = sourcecode.swift; path = MountainListViewModel.swift; sourceTree = "<group>"; };
		DAAF4D6D273CE06A00780DC8 /* MountainListViewUseCase.swift */ = {isa = PBXFileReference; lastKnownFileType = sourcecode.swift; path = MountainListViewUseCase.swift; sourceTree = "<group>"; };
		DAAF4D6F273CE08B00780DC8 /* MountainListViewRepository.swift */ = {isa = PBXFileReference; lastKnownFileType = sourcecode.swift; path = MountainListViewRepository.swift; sourceTree = "<group>"; };
		DAB37D4B2731166B00EC523F /* RecordingViewModel.swift */ = {isa = PBXFileReference; lastKnownFileType = sourcecode.swift; path = RecordingViewModel.swift; sourceTree = "<group>"; };
		DAB37D4F273256B900EC523F /* RecordingModel.swift */ = {isa = PBXFileReference; lastKnownFileType = sourcecode.swift; path = RecordingModel.swift; sourceTree = "<group>"; };
		DAFA9B58274112D800BF168C /* RecordingPhotoCoordinator.swift */ = {isa = PBXFileReference; lastKnownFileType = sourcecode.swift; path = RecordingPhotoCoordinator.swift; sourceTree = "<group>"; };
		DAFA9B5A2741131400BF168C /* RecordingPhotoViewController.swift */ = {isa = PBXFileReference; lastKnownFileType = sourcecode.swift; path = RecordingPhotoViewController.swift; sourceTree = "<group>"; };
		DAFA9B5C27424C9A00BF168C /* RecordingPhotoModel.swift */ = {isa = PBXFileReference; lastKnownFileType = sourcecode.swift; path = RecordingPhotoModel.swift; sourceTree = "<group>"; };
/* End PBXFileReference section */

/* Begin PBXFrameworksBuildPhase section */
		5485127B272A6AD500407F28 /* Frameworks */ = {
			isa = PBXFrameworksBuildPhase;
			buildActionMask = 2147483647;
			files = (
			);
			runOnlyForDeploymentPostprocessing = 0;
		};
		9826F42A273953FB0064FA85 /* Frameworks */ = {
			isa = PBXFrameworksBuildPhase;
			buildActionMask = 2147483647;
			files = (
			);
			runOnlyForDeploymentPostprocessing = 0;
		};
/* End PBXFrameworksBuildPhase section */

/* Begin PBXGroup section */
		5428FDB5272F89F0002F9D40 /* RecordingScene */ = {
			isa = PBXGroup;
			children = (
				54296948272FBFAB0070B362 /* RecordingViewController.swift */,
				DAAF2715272FF73700F8A115 /* RecordingViewController+Extension.swift */,
				5429694A272FBFCA0070B362 /* RecordingViewCoordinator.swift */,
				DAB37D4B2731166B00EC523F /* RecordingViewModel.swift */,
				984DDEC227325DFC003BE56B /* RecordingUseCase.swift */,
				DAFA9B5C27424C9A00BF168C /* RecordingPhotoModel.swift */,
				984DDEC427325FB9003BE56B /* RecordRepository.swift */,
				984DDEC027325D67003BE56B /* Record.swift */,
				DAB37D4F273256B900EC523F /* RecordingModel.swift */,
			);
			path = RecordingScene;
			sourceTree = "<group>";
		};
		5428FDB6272F8B2B002F9D40 /* ResultScene */ = {
			isa = PBXGroup;
			children = (
				5429694E272FC1740070B362 /* ResultViewCoordinator.swift */,
				5429694C272FC1390070B362 /* ResultViewController.swift */,
				5465237C2741F997007B2692 /* ResultViewModel.swift */,
				9800821E273CE16E006A847A /* ResultUseCase.swift */,
				9800821C273CB45D006A847A /* ResultRepository.swift */,
				54F88EB627424C210004EAFD /* TotalRecordsViewCell.swift */,
				54F88EB8274256FE0004EAFD /* SectionHeaderView.swift */,
				54F88EBA274259950004EAFD /* RecordsViewCell.swift */,
			);
			path = ResultScene;
			sourceTree = "<group>";
		};
		5428FDB7272F8B34002F9D40 /* ResultDetailScene */ = {
			isa = PBXGroup;
			children = (
				49FC97672744E105008CE73A /* ResultDetailCoordinator.swift */,
				49225C5D273CDB4F0021AD79 /* ResultDetailViewController.swift */,
				49225C5F273CDB680021AD79 /* ResultDetailSmallerInfoView.swift */,
				49742D552740E1A0008F7DC2 /* ResultDetailLargerInfoView.swift */,
				494803812743748D002854B1 /* ResultDetailViewModel.swift */,
				4948038327437499002854B1 /* ResultDetailUseCase.swift */,
				493178B527439D0000B5FB88 /* ResultDetailModel.swift */,
				493178B32743992400B5FB88 /* DetailCell.swift */,
			);
			path = ResultDetailScene;
			sourceTree = "<group>";
		};
		5428FDB9272F8BD9002F9D40 /* MountainListScene */ = {
			isa = PBXGroup;
			children = (
				54296952272FC3530070B362 /* MountainListViewCoordinator.swift */,
				54296950272FC3290070B362 /* MountainListViewController.swift */,
				DAAF4D6B273CE02400780DC8 /* MountainListViewModel.swift */,
				DAAF4D6D273CE06A00780DC8 /* MountainListViewUseCase.swift */,
				DAAF4D6F273CE08B00780DC8 /* MountainListViewRepository.swift */,
				985EEF62272FDA98002413D9 /* MountainCell.swift */,
			);
			path = MountainListScene;
			sourceTree = "<group>";
		};
		5428FDBA272F8BF6002F9D40 /* MountainDetailScene */ = {
			isa = PBXGroup;
			children = (
				49D5A94A2738C3AB00937821 /* MountainDetailViewController.swift */,
				49D5A9482738C31600937821 /* MountainDetailViewCoordinator.swift */,
				49D5A94C2738C71700937821 /* MountainDetailViewModel.swift */,
				49D5A94E2738C72E00937821 /* MountainDetailUseCase.swift */,
				49D5A9522738FBCD00937821 /* MountainDetailModel.swift */,
				49D5A954273A5A5C00937821 /* MountainDetailTitleView.swift */,
				49D5A956273A62F800937821 /* MountainDetailTableViewCell.swift */,
				4955B8EA2742A65D00D90F94 /* MountainDetailAnnotationView.swift */,
			);
			path = MountainDetailScene;
			sourceTree = "<group>";
		};
		5428FDBB272F8C32002F9D40 /* SettingsScene */ = {
			isa = PBXGroup;
			children = (
				98AEF1D627310759002E9C9A /* PaddingLabel.swift */,
				985EEF64273010BD002413D9 /* ToggleOptionCell.swift */,
				9889DA502730FFCD00F3C772 /* MapOptionCell.swift */,
				54296956272FC4380070B362 /* SettingsViewCoordinator.swift */,
				54296954272FC3EC0070B362 /* SettingsViewController.swift */,
				98BCF4F82737A7120073E6FB /* SettingsViewModel.swift */,
				98BCF4F62737A66E0073E6FB /* SettingsUsecase.swift */,
				98BCF4F42737A3480073E6FB /* SettingsRepository.swift */,
				9826F3DE273904010064FA85 /* Settings.swift */,
				9826F3DC2739035E0064FA85 /* Option.swift */,
			);
			path = SettingsScene;
			sourceTree = "<group>";
		};
		5428FDBE272F8D43002F9D40 /* Entities */ = {
			isa = PBXGroup;
			children = (
				49FEEDB82732584000D37CCA /* MountainEntity.swift */,
			);
			path = Entities;
			sourceTree = "<group>";
		};
		54296943272FB8410070B362 /* Persistences */ = {
			isa = PBXGroup;
			children = (
				984DDEC8273271EC003BE56B /* CoreDataStorage.swift */,
				49FEEDB6273255DD00D37CCA /* MountainExtractor.swift */,
				98A913002736844E008AAE39 /* UserDefaultsStorage.swift */,
				984DDEC627327064003BE56B /* CoreDataRecordStorage.swift */,
			);
			path = Persistences;
			sourceTree = "<group>";
		};
		54731B61272F7F7600534097 /* MapScene */ = {
			isa = PBXGroup;
			children = (
				54851285272A6AD500407F28 /* MapViewController.swift */,
				54731B64272F84D300534097 /* MapViewModel.swift */,
				5428FDBC272F8C5B002F9D40 /* MapViewUseCase.swift */,
				5428FDB3272F894D002F9D40 /* MapViewRepository.swift */,
				54296946272FBD4B0070B362 /* MapViewCoordinator.swift */,
				5429695A273026B10070B362 /* MountainAnnotationView.swift */,
				5429695C27302B1D0070B362 /* ClusterAnnotationView.swift */,
				49A3E61C2732756C0020CAC1 /* MountainAnnotation.swift */,
				547CDD9B27392496007CCA29 /* UIImage+Gif.swift */,
			);
			path = MapScene;
			sourceTree = "<group>";
		};
		54731B62272F808300534097 /* Application */ = {
			isa = PBXGroup;
			children = (
				54851281272A6AD500407F28 /* AppDelegate.swift */,
				54851283272A6AD500407F28 /* SceneDelegate.swift */,
				54296944272FBC6E0070B362 /* AppCoordinator.swift */,
			);
			path = Application;
			sourceTree = "<group>";
		};
		54731B63272F81B200534097 /* Resources */ = {
			isa = PBXGroup;
			children = (
				5485128A272A6AD500407F28 /* SanTa.xcdatamodeld */,
				5485128F272A6AD600407F28 /* LaunchScreen.storyboard */,
				5485128D272A6AD600407F28 /* Assets.xcassets */,
				547CDD9927392474007CCA29 /* walkingManAnimation.gif */,
				54851292272A6AD600407F28 /* Info.plist */,
			);
			path = Resources;
			sourceTree = "<group>";
		};
		54851275272A6AD500407F28 = {
			isa = PBXGroup;
			children = (
				54851280272A6AD500407F28 /* SanTa */,
				9826F42E273953FB0064FA85 /* SettingsSceneTests */,
				5485127F272A6AD500407F28 /* Products */,
			);
			sourceTree = "<group>";
		};
		5485127F272A6AD500407F28 /* Products */ = {
			isa = PBXGroup;
			children = (
				5485127E272A6AD500407F28 /* SanTa.app */,
				9826F42D273953FB0064FA85 /* SettingsSceneTests.xctest */,
			);
			name = Products;
			sourceTree = "<group>";
		};
		54851280272A6AD500407F28 /* SanTa */ = {
			isa = PBXGroup;
			children = (
				54731B63272F81B200534097 /* Resources */,
				54296943272FB8410070B362 /* Persistences */,
				5428FDBE272F8D43002F9D40 /* Entities */,
				54731B62272F808300534097 /* Application */,
				54731B61272F7F7600534097 /* MapScene */,
				5428FDB6272F8B2B002F9D40 /* ResultScene */,
				5428FDB5272F89F0002F9D40 /* RecordingScene */,
				DA9D7C9B273A42B90018AD45 /* RecordingTitleScene */,
				DAFA9B55274112AB00BF168C /* RecordingPhotoScene */,
				5428FDB7272F8B34002F9D40 /* ResultDetailScene */,
				5428FDB9272F8BD9002F9D40 /* MountainListScene */,
				5428FDBA272F8BF6002F9D40 /* MountainDetailScene */,
				5428FDBB272F8C32002F9D40 /* SettingsScene */,
			);
			path = SanTa;
			sourceTree = "<group>";
		};
		9826F42E273953FB0064FA85 /* SettingsSceneTests */ = {
			isa = PBXGroup;
			children = (
				9826F425273925BF0064FA85 /* SettingsViewModelTests.swift */,
				9826F427273926720064FA85 /* SettingsUsecaseTests.swift */,
			);
			path = SettingsSceneTests;
			sourceTree = "<group>";
		};
		DA9D7C9B273A42B90018AD45 /* RecordingTitleScene */ = {
			isa = PBXGroup;
			children = (
				DA9D7C9C273A433E0018AD45 /* RecordingTitleViewController.swift */,
				DA9D7C9E273A45BE0018AD45 /* RecordingTitleViewCoordinator.swift */,
			);
			path = RecordingTitleScene;
			sourceTree = "<group>";
		};
		DAFA9B55274112AB00BF168C /* RecordingPhotoScene */ = {
			isa = PBXGroup;
			children = (
				DAFA9B58274112D800BF168C /* RecordingPhotoCoordinator.swift */,
				DAFA9B5A2741131400BF168C /* RecordingPhotoViewController.swift */,
			);
			path = RecordingPhotoScene;
			sourceTree = "<group>";
		};
/* End PBXGroup section */

/* Begin PBXNativeTarget section */
		5485127D272A6AD500407F28 /* SanTa */ = {
			isa = PBXNativeTarget;
			buildConfigurationList = 54851295272A6AD600407F28 /* Build configuration list for PBXNativeTarget "SanTa" */;
			buildPhases = (
				5485127A272A6AD500407F28 /* Sources */,
				5485127B272A6AD500407F28 /* Frameworks */,
				5485127C272A6AD500407F28 /* Resources */,
			);
			buildRules = (
			);
			dependencies = (
			);
			name = SanTa;
			productName = SanTa;
			productReference = 5485127E272A6AD500407F28 /* SanTa.app */;
			productType = "com.apple.product-type.application";
		};
		9826F42C273953FB0064FA85 /* SettingsSceneTests */ = {
			isa = PBXNativeTarget;
			buildConfigurationList = 9826F435273953FB0064FA85 /* Build configuration list for PBXNativeTarget "SettingsSceneTests" */;
			buildPhases = (
				9826F429273953FB0064FA85 /* Sources */,
				9826F42A273953FB0064FA85 /* Frameworks */,
				9826F42B273953FB0064FA85 /* Resources */,
			);
			buildRules = (
			);
			dependencies = (
				9826F432273953FB0064FA85 /* PBXTargetDependency */,
			);
			name = SettingsSceneTests;
			productName = SettingsSceneTests;
			productReference = 9826F42D273953FB0064FA85 /* SettingsSceneTests.xctest */;
			productType = "com.apple.product-type.bundle.unit-test";
		};
/* End PBXNativeTarget section */

/* Begin PBXProject section */
		54851276272A6AD500407F28 /* Project object */ = {
			isa = PBXProject;
			attributes = {
				BuildIndependentTargetsInParallel = 1;
				LastSwiftUpdateCheck = 1300;
				LastUpgradeCheck = 1300;
				TargetAttributes = {
					5485127D272A6AD500407F28 = {
						CreatedOnToolsVersion = 13.0;
					};
					9826F42C273953FB0064FA85 = {
						CreatedOnToolsVersion = 13.0;
						TestTargetID = 5485127D272A6AD500407F28;
					};
				};
			};
			buildConfigurationList = 54851279272A6AD500407F28 /* Build configuration list for PBXProject "SanTa" */;
			compatibilityVersion = "Xcode 13.0";
			developmentRegion = en;
			hasScannedForEncodings = 0;
			knownRegions = (
				en,
				Base,
			);
			mainGroup = 54851275272A6AD500407F28;
			productRefGroup = 5485127F272A6AD500407F28 /* Products */;
			projectDirPath = "";
			projectRoot = "";
			targets = (
				5485127D272A6AD500407F28 /* SanTa */,
				9826F42C273953FB0064FA85 /* SettingsSceneTests */,
			);
		};
/* End PBXProject section */

/* Begin PBXResourcesBuildPhase section */
		5485127C272A6AD500407F28 /* Resources */ = {
			isa = PBXResourcesBuildPhase;
			buildActionMask = 2147483647;
			files = (
				54851291272A6AD600407F28 /* LaunchScreen.storyboard in Resources */,
				5485128E272A6AD600407F28 /* Assets.xcassets in Resources */,
				547CDD9A27392474007CCA29 /* walkingManAnimation.gif in Resources */,
			);
			runOnlyForDeploymentPostprocessing = 0;
		};
		9826F42B273953FB0064FA85 /* Resources */ = {
			isa = PBXResourcesBuildPhase;
			buildActionMask = 2147483647;
			files = (
			);
			runOnlyForDeploymentPostprocessing = 0;
		};
/* End PBXResourcesBuildPhase section */

/* Begin PBXSourcesBuildPhase section */
		5485127A272A6AD500407F28 /* Sources */ = {
			isa = PBXSourcesBuildPhase;
			buildActionMask = 2147483647;
			files = (
				54296957272FC4380070B362 /* SettingsViewCoordinator.swift in Sources */,
				54F88EBB274259950004EAFD /* RecordsViewCell.swift in Sources */,
				9889DA512730FFCD00F3C772 /* MapOptionCell.swift in Sources */,
				4948038427437499002854B1 /* ResultDetailUseCase.swift in Sources */,
				49D5A94B2738C3AB00937821 /* MountainDetailViewController.swift in Sources */,
				5429694D272FC1390070B362 /* ResultViewController.swift in Sources */,
				49D5A957273A62F800937821 /* MountainDetailTableViewCell.swift in Sources */,
				5429695D27302B1D0070B362 /* ClusterAnnotationView.swift in Sources */,
				984DDEC127325D67003BE56B /* Record.swift in Sources */,
				49D5A9492738C31600937821 /* MountainDetailViewCoordinator.swift in Sources */,
				54851286272A6AD500407F28 /* MapViewController.swift in Sources */,
				984DDEC9273271EC003BE56B /* CoreDataStorage.swift in Sources */,
				9826F3DD2739035E0064FA85 /* Option.swift in Sources */,
				DAAF4D6E273CE06A00780DC8 /* MountainListViewUseCase.swift in Sources */,
				985EEF63272FDA98002413D9 /* MountainCell.swift in Sources */,
				5428FDBD272F8C5B002F9D40 /* MapViewUseCase.swift in Sources */,
				DAFA9B5B2741131400BF168C /* RecordingPhotoViewController.swift in Sources */,
				49742D562740E1A0008F7DC2 /* ResultDetailLargerInfoView.swift in Sources */,
				5428FDB4272F894D002F9D40 /* MapViewRepository.swift in Sources */,
				5485128C272A6AD500407F28 /* SanTa.xcdatamodeld in Sources */,
				DAFA9B59274112D800BF168C /* RecordingPhotoCoordinator.swift in Sources */,
				493178B627439D0000B5FB88 /* ResultDetailModel.swift in Sources */,
				54296947272FBD4B0070B362 /* MapViewCoordinator.swift in Sources */,
				54296953272FC3530070B362 /* MountainListViewCoordinator.swift in Sources */,
				DAAF2716272FF73700F8A115 /* RecordingViewController+Extension.swift in Sources */,
				98AEF1D727310759002E9C9A /* PaddingLabel.swift in Sources */,
				54851282272A6AD500407F28 /* AppDelegate.swift in Sources */,
				49D5A9532738FBCD00937821 /* MountainDetailModel.swift in Sources */,
				49FC97682744E105008CE73A /* ResultDetailCoordinator.swift in Sources */,
				DAFA9B5D27424C9A00BF168C /* RecordingPhotoModel.swift in Sources */,
				49FEEDB92732584000D37CCA /* MountainEntity.swift in Sources */,
				493178B42743992400B5FB88 /* DetailCell.swift in Sources */,
				98BCF4F92737A7120073E6FB /* SettingsViewModel.swift in Sources */,
				54296949272FBFAB0070B362 /* RecordingViewController.swift in Sources */,
				984DDEC527325FB9003BE56B /* RecordRepository.swift in Sources */,
				984DDEC327325DFC003BE56B /* RecordingUseCase.swift in Sources */,
				984DDEC727327064003BE56B /* CoreDataRecordStorage.swift in Sources */,
				49225C60273CDB680021AD79 /* ResultDetailSmallerInfoView.swift in Sources */,
				98A913012736844E008AAE39 /* UserDefaultsStorage.swift in Sources */,
				54F88EB727424C210004EAFD /* TotalRecordsViewCell.swift in Sources */,
				9800821D273CB45D006A847A /* ResultRepository.swift in Sources */,
				DAB37D50273256B900EC523F /* RecordingModel.swift in Sources */,
				494803822743748D002854B1 /* ResultDetailViewModel.swift in Sources */,
				5465237D2741F997007B2692 /* ResultViewModel.swift in Sources */,
				9800821F273CE16E006A847A /* ResultUseCase.swift in Sources */,
				54296945272FBC6E0070B362 /* AppCoordinator.swift in Sources */,
				547CDD9C27392496007CCA29 /* UIImage+Gif.swift in Sources */,
				5429694B272FBFCA0070B362 /* RecordingViewCoordinator.swift in Sources */,
				DAAF4D70273CE08B00780DC8 /* MountainListViewRepository.swift in Sources */,
				DAAF4D6C273CE02400780DC8 /* MountainListViewModel.swift in Sources */,
				49D5A955273A5A5C00937821 /* MountainDetailTitleView.swift in Sources */,
				985EEF65273010BD002413D9 /* ToggleOptionCell.swift in Sources */,
				49A3E61D2732756C0020CAC1 /* MountainAnnotation.swift in Sources */,
				54296955272FC3EC0070B362 /* SettingsViewController.swift in Sources */,
				98BCF4F52737A3480073E6FB /* SettingsRepository.swift in Sources */,
				5429695B273026B10070B362 /* MountainAnnotationView.swift in Sources */,
				DA9D7C9D273A433E0018AD45 /* RecordingTitleViewController.swift in Sources */,
				DAB37D4C2731166B00EC523F /* RecordingViewModel.swift in Sources */,
				54296951272FC3290070B362 /* MountainListViewController.swift in Sources */,
				9826F3DF273904010064FA85 /* Settings.swift in Sources */,
				49FEEDB7273255DD00D37CCA /* MountainExtractor.swift in Sources */,
				DA9D7C9F273A45BE0018AD45 /* RecordingTitleViewCoordinator.swift in Sources */,
				49D5A94D2738C71700937821 /* MountainDetailViewModel.swift in Sources */,
				4955B8EB2742A65D00D90F94 /* MountainDetailAnnotationView.swift in Sources */,
				54851284272A6AD500407F28 /* SceneDelegate.swift in Sources */,
				5429694F272FC1740070B362 /* ResultViewCoordinator.swift in Sources */,
				98BCF4F72737A66E0073E6FB /* SettingsUsecase.swift in Sources */,
				49225C5E273CDB4F0021AD79 /* ResultDetailViewController.swift in Sources */,
				54F88EB9274256FE0004EAFD /* SectionHeaderView.swift in Sources */,
				54731B65272F84D300534097 /* MapViewModel.swift in Sources */,
				49D5A94F2738C72E00937821 /* MountainDetailUseCase.swift in Sources */,
			);
			runOnlyForDeploymentPostprocessing = 0;
		};
		9826F429273953FB0064FA85 /* Sources */ = {
			isa = PBXSourcesBuildPhase;
			buildActionMask = 2147483647;
			files = (
				9826F4382739546E0064FA85 /* SettingsViewModel.swift in Sources */,
				9826F4392739546E0064FA85 /* SettingsUsecase.swift in Sources */,
				9826F43A2739546E0064FA85 /* SettingsRepository.swift in Sources */,
				9826F43C2739546E0064FA85 /* Settings.swift in Sources */,
				9826F43D2739546E0064FA85 /* Option.swift in Sources */,
				9826F437273954030064FA85 /* SettingsUsecaseTests.swift in Sources */,
				9826F436273954020064FA85 /* SettingsViewModelTests.swift in Sources */,
			);
			runOnlyForDeploymentPostprocessing = 0;
		};
/* End PBXSourcesBuildPhase section */

/* Begin PBXTargetDependency section */
		9826F432273953FB0064FA85 /* PBXTargetDependency */ = {
			isa = PBXTargetDependency;
			target = 5485127D272A6AD500407F28 /* SanTa */;
			targetProxy = 9826F431273953FB0064FA85 /* PBXContainerItemProxy */;
		};
/* End PBXTargetDependency section */

/* Begin PBXVariantGroup section */
		5485128F272A6AD600407F28 /* LaunchScreen.storyboard */ = {
			isa = PBXVariantGroup;
			children = (
				54851290272A6AD600407F28 /* Base */,
			);
			name = LaunchScreen.storyboard;
			sourceTree = "<group>";
		};
/* End PBXVariantGroup section */

/* Begin XCBuildConfiguration section */
		54851293272A6AD600407F28 /* Debug */ = {
			isa = XCBuildConfiguration;
			buildSettings = {
				ALWAYS_SEARCH_USER_PATHS = NO;
				CLANG_ANALYZER_NONNULL = YES;
				CLANG_ANALYZER_NUMBER_OBJECT_CONVERSION = YES_AGGRESSIVE;
				CLANG_CXX_LANGUAGE_STANDARD = "gnu++17";
				CLANG_CXX_LIBRARY = "libc++";
				CLANG_ENABLE_MODULES = YES;
				CLANG_ENABLE_OBJC_ARC = YES;
				CLANG_ENABLE_OBJC_WEAK = YES;
				CLANG_WARN_BLOCK_CAPTURE_AUTORELEASING = YES;
				CLANG_WARN_BOOL_CONVERSION = YES;
				CLANG_WARN_COMMA = YES;
				CLANG_WARN_CONSTANT_CONVERSION = YES;
				CLANG_WARN_DEPRECATED_OBJC_IMPLEMENTATIONS = YES;
				CLANG_WARN_DIRECT_OBJC_ISA_USAGE = YES_ERROR;
				CLANG_WARN_DOCUMENTATION_COMMENTS = YES;
				CLANG_WARN_EMPTY_BODY = YES;
				CLANG_WARN_ENUM_CONVERSION = YES;
				CLANG_WARN_INFINITE_RECURSION = YES;
				CLANG_WARN_INT_CONVERSION = YES;
				CLANG_WARN_NON_LITERAL_NULL_CONVERSION = YES;
				CLANG_WARN_OBJC_IMPLICIT_RETAIN_SELF = YES;
				CLANG_WARN_OBJC_LITERAL_CONVERSION = YES;
				CLANG_WARN_OBJC_ROOT_CLASS = YES_ERROR;
				CLANG_WARN_QUOTED_INCLUDE_IN_FRAMEWORK_HEADER = YES;
				CLANG_WARN_RANGE_LOOP_ANALYSIS = YES;
				CLANG_WARN_STRICT_PROTOTYPES = YES;
				CLANG_WARN_SUSPICIOUS_MOVE = YES;
				CLANG_WARN_UNGUARDED_AVAILABILITY = YES_AGGRESSIVE;
				CLANG_WARN_UNREACHABLE_CODE = YES;
				CLANG_WARN__DUPLICATE_METHOD_MATCH = YES;
				COPY_PHASE_STRIP = NO;
				DEBUG_INFORMATION_FORMAT = dwarf;
				ENABLE_STRICT_OBJC_MSGSEND = YES;
				ENABLE_TESTABILITY = YES;
				GCC_C_LANGUAGE_STANDARD = gnu11;
				GCC_DYNAMIC_NO_PIC = NO;
				GCC_NO_COMMON_BLOCKS = YES;
				GCC_OPTIMIZATION_LEVEL = 0;
				GCC_PREPROCESSOR_DEFINITIONS = (
					"DEBUG=1",
					"$(inherited)",
				);
				GCC_WARN_64_TO_32_BIT_CONVERSION = YES;
				GCC_WARN_ABOUT_RETURN_TYPE = YES_ERROR;
				GCC_WARN_UNDECLARED_SELECTOR = YES;
				GCC_WARN_UNINITIALIZED_AUTOS = YES_AGGRESSIVE;
				GCC_WARN_UNUSED_FUNCTION = YES;
				GCC_WARN_UNUSED_VARIABLE = YES;
				IPHONEOS_DEPLOYMENT_TARGET = 15.0;
				MTL_ENABLE_DEBUG_INFO = INCLUDE_SOURCE;
				MTL_FAST_MATH = YES;
				ONLY_ACTIVE_ARCH = YES;
				SDKROOT = iphoneos;
				SWIFT_ACTIVE_COMPILATION_CONDITIONS = DEBUG;
				SWIFT_OPTIMIZATION_LEVEL = "-Onone";
			};
			name = Debug;
		};
		54851294272A6AD600407F28 /* Release */ = {
			isa = XCBuildConfiguration;
			buildSettings = {
				ALWAYS_SEARCH_USER_PATHS = NO;
				CLANG_ANALYZER_NONNULL = YES;
				CLANG_ANALYZER_NUMBER_OBJECT_CONVERSION = YES_AGGRESSIVE;
				CLANG_CXX_LANGUAGE_STANDARD = "gnu++17";
				CLANG_CXX_LIBRARY = "libc++";
				CLANG_ENABLE_MODULES = YES;
				CLANG_ENABLE_OBJC_ARC = YES;
				CLANG_ENABLE_OBJC_WEAK = YES;
				CLANG_WARN_BLOCK_CAPTURE_AUTORELEASING = YES;
				CLANG_WARN_BOOL_CONVERSION = YES;
				CLANG_WARN_COMMA = YES;
				CLANG_WARN_CONSTANT_CONVERSION = YES;
				CLANG_WARN_DEPRECATED_OBJC_IMPLEMENTATIONS = YES;
				CLANG_WARN_DIRECT_OBJC_ISA_USAGE = YES_ERROR;
				CLANG_WARN_DOCUMENTATION_COMMENTS = YES;
				CLANG_WARN_EMPTY_BODY = YES;
				CLANG_WARN_ENUM_CONVERSION = YES;
				CLANG_WARN_INFINITE_RECURSION = YES;
				CLANG_WARN_INT_CONVERSION = YES;
				CLANG_WARN_NON_LITERAL_NULL_CONVERSION = YES;
				CLANG_WARN_OBJC_IMPLICIT_RETAIN_SELF = YES;
				CLANG_WARN_OBJC_LITERAL_CONVERSION = YES;
				CLANG_WARN_OBJC_ROOT_CLASS = YES_ERROR;
				CLANG_WARN_QUOTED_INCLUDE_IN_FRAMEWORK_HEADER = YES;
				CLANG_WARN_RANGE_LOOP_ANALYSIS = YES;
				CLANG_WARN_STRICT_PROTOTYPES = YES;
				CLANG_WARN_SUSPICIOUS_MOVE = YES;
				CLANG_WARN_UNGUARDED_AVAILABILITY = YES_AGGRESSIVE;
				CLANG_WARN_UNREACHABLE_CODE = YES;
				CLANG_WARN__DUPLICATE_METHOD_MATCH = YES;
				COPY_PHASE_STRIP = NO;
				DEBUG_INFORMATION_FORMAT = "dwarf-with-dsym";
				ENABLE_NS_ASSERTIONS = NO;
				ENABLE_STRICT_OBJC_MSGSEND = YES;
				GCC_C_LANGUAGE_STANDARD = gnu11;
				GCC_NO_COMMON_BLOCKS = YES;
				GCC_WARN_64_TO_32_BIT_CONVERSION = YES;
				GCC_WARN_ABOUT_RETURN_TYPE = YES_ERROR;
				GCC_WARN_UNDECLARED_SELECTOR = YES;
				GCC_WARN_UNINITIALIZED_AUTOS = YES_AGGRESSIVE;
				GCC_WARN_UNUSED_FUNCTION = YES;
				GCC_WARN_UNUSED_VARIABLE = YES;
				IPHONEOS_DEPLOYMENT_TARGET = 15.0;
				MTL_ENABLE_DEBUG_INFO = NO;
				MTL_FAST_MATH = YES;
				SDKROOT = iphoneos;
				SWIFT_COMPILATION_MODE = wholemodule;
				SWIFT_OPTIMIZATION_LEVEL = "-O";
				VALIDATE_PRODUCT = YES;
			};
			name = Release;
		};
		54851296272A6AD600407F28 /* Debug */ = {
			isa = XCBuildConfiguration;
			buildSettings = {
				ASSETCATALOG_COMPILER_APPICON_NAME = AppIcon;
				ASSETCATALOG_COMPILER_GLOBAL_ACCENT_COLOR_NAME = AccentColor;
				ASSETCATALOG_COMPILER_INCLUDE_ALL_APPICON_ASSETS = NO;
				CODE_SIGN_STYLE = Automatic;
				CURRENT_PROJECT_VERSION = 1;
				DEVELOPMENT_TEAM = B3PWYBKFUK;
				GENERATE_INFOPLIST_FILE = YES;
				INFOPLIST_FILE = SanTa/Resources/Info.plist;
				INFOPLIST_KEY_NSLocationAlwaysAndWhenInUseUsageDescription = "Please allow to use app on background";
				INFOPLIST_KEY_NSLocationWhenInUseUsageDescription = "Please allow to see current location";
				INFOPLIST_KEY_NSMotionUsageDescription = "Allow my app to access motion usage.";
				INFOPLIST_KEY_UIApplicationSupportsIndirectInputEvents = YES;
				INFOPLIST_KEY_UILaunchStoryboardName = LaunchScreen;
				INFOPLIST_KEY_UISupportedInterfaceOrientations_iPad = "UIInterfaceOrientationPortrait UIInterfaceOrientationPortraitUpsideDown UIInterfaceOrientationLandscapeLeft UIInterfaceOrientationLandscapeRight";
				INFOPLIST_KEY_UISupportedInterfaceOrientations_iPhone = "UIInterfaceOrientationPortrait UIInterfaceOrientationLandscapeLeft UIInterfaceOrientationLandscapeRight";
				LD_RUNPATH_SEARCH_PATHS = (
					"$(inherited)",
					"@executable_path/Frameworks",
				);
				MARKETING_VERSION = 1.0;
				PRODUCT_BUNDLE_IDENTIFIER = iOS02.SanTa;
				PRODUCT_NAME = "$(TARGET_NAME)";
				SWIFT_EMIT_LOC_STRINGS = YES;
				SWIFT_VERSION = 5.0;
				TARGETED_DEVICE_FAMILY = "1,2";
			};
			name = Debug;
		};
		54851297272A6AD600407F28 /* Release */ = {
			isa = XCBuildConfiguration;
			buildSettings = {
				ASSETCATALOG_COMPILER_APPICON_NAME = AppIcon;
				ASSETCATALOG_COMPILER_GLOBAL_ACCENT_COLOR_NAME = AccentColor;
				ASSETCATALOG_COMPILER_INCLUDE_ALL_APPICON_ASSETS = NO;
				CODE_SIGN_STYLE = Automatic;
				CURRENT_PROJECT_VERSION = 1;
				DEVELOPMENT_TEAM = B3PWYBKFUK;
				GENERATE_INFOPLIST_FILE = YES;
				INFOPLIST_FILE = SanTa/Resources/Info.plist;
				INFOPLIST_KEY_NSLocationAlwaysAndWhenInUseUsageDescription = "Please allow to use app on background";
				INFOPLIST_KEY_NSLocationWhenInUseUsageDescription = "Please allow to see current location";
				INFOPLIST_KEY_NSMotionUsageDescription = "Allow my app to access motion usage.";
				INFOPLIST_KEY_UIApplicationSupportsIndirectInputEvents = YES;
				INFOPLIST_KEY_UILaunchStoryboardName = LaunchScreen;
				INFOPLIST_KEY_UISupportedInterfaceOrientations_iPad = "UIInterfaceOrientationPortrait UIInterfaceOrientationPortraitUpsideDown UIInterfaceOrientationLandscapeLeft UIInterfaceOrientationLandscapeRight";
				INFOPLIST_KEY_UISupportedInterfaceOrientations_iPhone = "UIInterfaceOrientationPortrait UIInterfaceOrientationLandscapeLeft UIInterfaceOrientationLandscapeRight";
				LD_RUNPATH_SEARCH_PATHS = (
					"$(inherited)",
					"@executable_path/Frameworks",
				);
				MARKETING_VERSION = 1.0;
				PRODUCT_BUNDLE_IDENTIFIER = iOS02.SanTa;
				PRODUCT_NAME = "$(TARGET_NAME)";
				SWIFT_EMIT_LOC_STRINGS = YES;
				SWIFT_VERSION = 5.0;
				TARGETED_DEVICE_FAMILY = "1,2";
			};
			name = Release;
		};
		9826F433273953FB0064FA85 /* Debug */ = {
			isa = XCBuildConfiguration;
			buildSettings = {
				BUNDLE_LOADER = "$(TEST_HOST)";
				CODE_SIGN_STYLE = Automatic;
				CURRENT_PROJECT_VERSION = 1;
				DEVELOPMENT_TEAM = 5X25M942H6;
				GENERATE_INFOPLIST_FILE = YES;
				LD_RUNPATH_SEARCH_PATHS = (
					"$(inherited)",
					"@executable_path/Frameworks",
					"@loader_path/Frameworks",
				);
				MARKETING_VERSION = 1.0;
				PRODUCT_BUNDLE_IDENTIFIER = com.ohchangmin.SettingsSceneTests;
				PRODUCT_NAME = "$(TARGET_NAME)";
				SWIFT_EMIT_LOC_STRINGS = NO;
				SWIFT_VERSION = 5.0;
				TARGETED_DEVICE_FAMILY = "1,2";
				TEST_HOST = "$(BUILT_PRODUCTS_DIR)/SanTa.app/SanTa";
			};
			name = Debug;
		};
		9826F434273953FB0064FA85 /* Release */ = {
			isa = XCBuildConfiguration;
			buildSettings = {
				BUNDLE_LOADER = "$(TEST_HOST)";
				CODE_SIGN_STYLE = Automatic;
				CURRENT_PROJECT_VERSION = 1;
				DEVELOPMENT_TEAM = 5X25M942H6;
				GENERATE_INFOPLIST_FILE = YES;
				LD_RUNPATH_SEARCH_PATHS = (
					"$(inherited)",
					"@executable_path/Frameworks",
					"@loader_path/Frameworks",
				);
				MARKETING_VERSION = 1.0;
				PRODUCT_BUNDLE_IDENTIFIER = com.ohchangmin.SettingsSceneTests;
				PRODUCT_NAME = "$(TARGET_NAME)";
				SWIFT_EMIT_LOC_STRINGS = NO;
				SWIFT_VERSION = 5.0;
				TARGETED_DEVICE_FAMILY = "1,2";
				TEST_HOST = "$(BUILT_PRODUCTS_DIR)/SanTa.app/SanTa";
			};
			name = Release;
		};
/* End XCBuildConfiguration section */

/* Begin XCConfigurationList section */
		54851279272A6AD500407F28 /* Build configuration list for PBXProject "SanTa" */ = {
			isa = XCConfigurationList;
			buildConfigurations = (
				54851293272A6AD600407F28 /* Debug */,
				54851294272A6AD600407F28 /* Release */,
			);
			defaultConfigurationIsVisible = 0;
			defaultConfigurationName = Release;
		};
		54851295272A6AD600407F28 /* Build configuration list for PBXNativeTarget "SanTa" */ = {
			isa = XCConfigurationList;
			buildConfigurations = (
				54851296272A6AD600407F28 /* Debug */,
				54851297272A6AD600407F28 /* Release */,
			);
			defaultConfigurationIsVisible = 0;
			defaultConfigurationName = Release;
		};
		9826F435273953FB0064FA85 /* Build configuration list for PBXNativeTarget "SettingsSceneTests" */ = {
			isa = XCConfigurationList;
			buildConfigurations = (
				9826F433273953FB0064FA85 /* Debug */,
				9826F434273953FB0064FA85 /* Release */,
			);
			defaultConfigurationIsVisible = 0;
			defaultConfigurationName = Release;
		};
/* End XCConfigurationList section */

/* Begin XCVersionGroup section */
		5485128A272A6AD500407F28 /* SanTa.xcdatamodeld */ = {
			isa = XCVersionGroup;
			children = (
				5485128B272A6AD500407F28 /* SanTa.xcdatamodel */,
			);
			currentVersion = 5485128B272A6AD500407F28 /* SanTa.xcdatamodel */;
			path = SanTa.xcdatamodeld;
			sourceTree = "<group>";
			versionGroupType = wrapper.xcdatamodel;
		};
/* End XCVersionGroup section */
	};
	rootObject = 54851276272A6AD500407F28 /* Project object */;
}
